
Microsoft Visual Studio Solution File, Format Version 12.00
# Visual Studio Version 17
VisualStudioVersion = 17.0.31903.59
MinimumVisualStudioVersion = 10.0.40219.1
Project("{2150E333-8FDC-42A3-9474-1A3956D46DE8}") = "src", "src", "{827E0CD3-B72D-47B6-A68D-7590B98EB39B}"
EndProject
Project("{2150E333-8FDC-42A3-9474-1A3956D46DE8}") = "Async", "Async", "{0B7BC73D-E7F5-EC92-A463-3FF6B7F76BDB}"
EndProject
Project("{FAE04EC0-301F-11D3-BF4B-00C04F79EFBC}") = "AwaitVsTaskWhenAll", "src\Async\AwaitVsTaskWhenAll\AwaitVsTaskWhenAll.csproj", "{808D2119-C146-4963-8A1E-AD9B1DD0761C}"
EndProject
Project("{2150E333-8FDC-42A3-9474-1A3956D46DE8}") = "tests", "tests", "{0AB3BF05-4346-4AA6-1389-037BE0695223}"
EndProject
Project("{2150E333-8FDC-42A3-9474-1A3956D46DE8}") = "Async", "Async", "{A76E752B-58ED-432B-4608-9820A499F68A}"
EndProject
Project("{FAE04EC0-301F-11D3-BF4B-00C04F79EFBC}") = "AwaitVsTaskWhenAll.Tests", "tests\Async\AwaitVsTaskWhenAll.Tests\AwaitVsTaskWhenAll.Tests.csproj", "{90AF47C8-9D8A-4EA0-B666-61ED6FCD4D63}"
EndProject
Global
	GlobalSection(SolutionConfigurationPlatforms) = preSolution
		Debug|Any CPU = Debug|Any CPU
		Debug|x64 = Debug|x64
		Debug|x86 = Debug|x86
		Release|Any CPU = Release|Any CPU
		Release|x64 = Release|x64
		Release|x86 = Release|x86
	EndGlobalSection
	GlobalSection(ProjectConfigurationPlatforms) = postSolution
		{808D2119-C146-4963-8A1E-AD9B1DD0761C}.Debug|Any CPU.ActiveCfg = Debug|Any CPU
		{808D2119-C146-4963-8A1E-AD9B1DD0761C}.Debug|Any CPU.Build.0 = Debug|Any CPU
		{808D2119-C146-4963-8A1E-AD9B1DD0761C}.Debug|x64.ActiveCfg = Debug|Any CPU
		{808D2119-C146-4963-8A1E-AD9B1DD0761C}.Debug|x64.Build.0 = Debug|Any CPU
		{808D2119-C146-4963-8A1E-AD9B1DD0761C}.Debug|x86.ActiveCfg = Debug|Any CPU
		{808D2119-C146-4963-8A1E-AD9B1DD0761C}.Debug|x86.Build.0 = Debug|Any CPU
		{808D2119-C146-4963-8A1E-AD9B1DD0761C}.Release|Any CPU.ActiveCfg = Release|Any CPU
		{808D2119-C146-4963-8A1E-AD9B1DD0761C}.Release|Any CPU.Build.0 = Release|Any CPU
		{808D2119-C146-4963-8A1E-AD9B1DD0761C}.Release|x64.ActiveCfg = Release|Any CPU
		{808D2119-C146-4963-8A1E-AD9B1DD0761C}.Release|x64.Build.0 = Release|Any CPU
		{808D2119-C146-4963-8A1E-AD9B1DD0761C}.Release|x86.ActiveCfg = Release|Any CPU
		{808D2119-C146-4963-8A1E-AD9B1DD0761C}.Release|x86.Build.0 = Release|Any CPU
		{90AF47C8-9D8A-4EA0-B666-61ED6FCD4D63}.Debug|Any CPU.ActiveCfg = Debug|Any CPU
		{90AF47C8-9D8A-4EA0-B666-61ED6FCD4D63}.Debug|Any CPU.Build.0 = Debug|Any CPU
		{90AF47C8-9D8A-4EA0-B666-61ED6FCD4D63}.Debug|x64.ActiveCfg = Debug|Any CPU
		{90AF47C8-9D8A-4EA0-B666-61ED6FCD4D63}.Debug|x64.Build.0 = Debug|Any CPU
		{90AF47C8-9D8A-4EA0-B666-61ED6FCD4D63}.Debug|x86.ActiveCfg = Debug|Any CPU
		{90AF47C8-9D8A-4EA0-B666-61ED6FCD4D63}.Debug|x86.Build.0 = Debug|Any CPU
		{90AF47C8-9D8A-4EA0-B666-61ED6FCD4D63}.Release|Any CPU.ActiveCfg = Release|Any CPU
		{90AF47C8-9D8A-4EA0-B666-61ED6FCD4D63}.Release|Any CPU.Build.0 = Release|Any CPU
		{90AF47C8-9D8A-4EA0-B666-61ED6FCD4D63}.Release|x64.ActiveCfg = Release|Any CPU
		{90AF47C8-9D8A-4EA0-B666-61ED6FCD4D63}.Release|x64.Build.0 = Release|Any CPU
		{90AF47C8-9D8A-4EA0-B666-61ED6FCD4D63}.Release|x86.ActiveCfg = Release|Any CPU
		{90AF47C8-9D8A-4EA0-B666-61ED6FCD4D63}.Release|x86.Build.0 = Release|Any CPU
	EndGlobalSection
	GlobalSection(SolutionProperties) = preSolution
		HideSolutionNode = FALSE
	EndGlobalSection
	GlobalSection(NestedProjects) = preSolution
		{0B7BC73D-E7F5-EC92-A463-3FF6B7F76BDB} = {827E0CD3-B72D-47B6-A68D-7590B98EB39B}
		{808D2119-C146-4963-8A1E-AD9B1DD0761C} = {0B7BC73D-E7F5-EC92-A463-3FF6B7F76BDB}
		{A76E752B-58ED-432B-4608-9820A499F68A} = {0AB3BF05-4346-4AA6-1389-037BE0695223}
		{90AF47C8-9D8A-4EA0-B666-61ED6FCD4D63} = {A76E752B-58ED-432B-4608-9820A499F68A}
	EndGlobalSection
EndGlobal
